
Microsoft Visual Studio Solution File, Format Version 12.00
Project("{FAE04EC0-301F-11D3-BF4B-00C04F79EFBC}") = "MVCWebsiteTest_Docker", "MVCWebsiteTest_Docker.csproj", "{AE75E0FF-6E36-4D02-BFAD-61AB56CC89BA}"
EndProject
Global
	GlobalSection(SolutionConfigurationPlatforms) = preSolution
		Debug|Any CPU = Debug|Any CPU
		Release|Any CPU = Release|Any CPU
	EndGlobalSection
	GlobalSection(ProjectConfigurationPlatforms) = postSolution
		{AE75E0FF-6E36-4D02-BFAD-61AB56CC89BA}.Debug|Any CPU.ActiveCfg = Debug|Any CPU
		{AE75E0FF-6E36-4D02-BFAD-61AB56CC89BA}.Debug|Any CPU.Build.0 = Debug|Any CPU
		{AE75E0FF-6E36-4D02-BFAD-61AB56CC89BA}.Release|Any CPU.ActiveCfg = Release|Any CPU
		{AE75E0FF-6E36-4D02-BFAD-61AB56CC89BA}.Release|Any CPU.Build.0 = Release|Any CPU
	EndGlobalSection
EndGlobal
